
Microsoft Visual Studio Solution File, Format Version 12.00
# Visual Studio Version 17
VisualStudioVersion = 17.0.31903.59
MinimumVisualStudioVersion = 10.0.40219.1
Project("{FAE04EC0-301F-11D3-BF4B-00C04F79EFBC}") = "lab06", "lab06\lab06.csproj", "{71CE906B-8AF2-42D7-9E06-1DAA4BF0B472}"
EndProject
Project("{FAE04EC0-301F-11D3-BF4B-00C04F79EFBC}") = "lab06.Tests", "lab06.Tests\lab06.Tests.csproj", "{F60CC554-960A-4B0F-9CB6-F5DDA2BBE6D4}"
EndProject
Project("{FAE04EC0-301F-11D3-BF4B-00C04F79EFBC}") = "lab06.main", "lab06.main\lab06.main.csproj", "{613D3AD8-B9DA-4603-BD73-6D847BBD9C07}"
EndProject
Global
	GlobalSection(SolutionConfigurationPlatforms) = preSolution
		Debug|Any CPU = Debug|Any CPU
		Release|Any CPU = Release|Any CPU
	EndGlobalSection
	GlobalSection(SolutionProperties) = preSolution
		HideSolutionNode = FALSE
	EndGlobalSection
	GlobalSection(ProjectConfigurationPlatforms) = postSolution
		{71CE906B-8AF2-42D7-9E06-1DAA4BF0B472}.Debug|Any CPU.ActiveCfg = Debug|Any CPU
		{71CE906B-8AF2-42D7-9E06-1DAA4BF0B472}.Debug|Any CPU.Build.0 = Debug|Any CPU
		{71CE906B-8AF2-42D7-9E06-1DAA4BF0B472}.Release|Any CPU.ActiveCfg = Release|Any CPU
		{71CE906B-8AF2-42D7-9E06-1DAA4BF0B472}.Release|Any CPU.Build.0 = Release|Any CPU
		{F60CC554-960A-4B0F-9CB6-F5DDA2BBE6D4}.Debug|Any CPU.ActiveCfg = Debug|Any CPU
		{F60CC554-960A-4B0F-9CB6-F5DDA2BBE6D4}.Debug|Any CPU.Build.0 = Debug|Any CPU
		{F60CC554-960A-4B0F-9CB6-F5DDA2BBE6D4}.Release|Any CPU.ActiveCfg = Release|Any CPU
		{F60CC554-960A-4B0F-9CB6-F5DDA2BBE6D4}.Release|Any CPU.Build.0 = Release|Any CPU
		{613D3AD8-B9DA-4603-BD73-6D847BBD9C07}.Debug|Any CPU.ActiveCfg = Debug|Any CPU
		{613D3AD8-B9DA-4603-BD73-6D847BBD9C07}.Debug|Any CPU.Build.0 = Debug|Any CPU
		{613D3AD8-B9DA-4603-BD73-6D847BBD9C07}.Release|Any CPU.ActiveCfg = Release|Any CPU
		{613D3AD8-B9DA-4603-BD73-6D847BBD9C07}.Release|Any CPU.Build.0 = Release|Any CPU
	EndGlobalSection
EndGlobal
